PODS:
  - Alamofire (4.5.1)
  - KeychainAccess (3.1.1)
  - RxSwift (4.1.2)
  - SwaggerClient (0.0.1):
    - Alamofire (~> 4.5.0)
    - RxSwift (~> 4.0)
  - SwiftyJSON (4.1.0)

DEPENDENCIES:
  - Alamofire (~> 4.5)
  - KeychainAccess (~> 3.1)
  - RxSwift (~> 4.1)
  - SwaggerClient (from `../../../idl/generated/swagger/client/swift/SwaggerClient.podspec`)
  - SwiftyJSON (~> 4.0)

SPEC REPOS:
  https://github.com/cocoapods/specs.git:
    - Alamofire
    - KeychainAccess
    - RxSwift
    - SwiftyJSON

EXTERNAL SOURCES:
  SwaggerClient:
    :path: "../../../idl/generated/swagger/client/swift/SwaggerClient.podspec"

SPEC CHECKSUMS:
  Alamofire: 2d95912bf4c34f164fdfc335872e8c312acaea4a
  KeychainAccess: 7bd430028059754a3debab3cfc0bd1fc7fb85df3
  RxSwift: e49536837d9901277638493ea537394d4b55f570
  SwaggerClient: 6f50e9586569d98ab6ae2a4975cc9650c0e2e07c
  SwiftyJSON: c29297daf073d2aa016295d5809cdd68045c39b3

PODFILE CHECKSUM: ce3b39384aea55fa5b0d92afa4ec5db978bcd17a

COCOAPODS: 1.5.3
